
Microsoft Visual Studio Solution File, Format Version 12.00
# Visual Studio 15
VisualStudioVersion = 15.0.27130.2024
MinimumVisualStudioVersion = 10.0.40219.1
Project("{E24C65DC-7377-472B-9ABA-BC803B73C61A}") = "UASS1.3", "UASS1.3\", "{C96BD54E-3D85-4BA0-8B24-4EE8AA12B572}"
	ProjectSection(WebsiteProperties) = preProject
		TargetFrameworkMoniker = ".NETFramework,Version%3Dv4.6"
		Debug.AspNetCompiler.VirtualPath = "/localhost_62778"
		Debug.AspNetCompiler.PhysicalPath = "UASS1.3\"
		Debug.AspNetCompiler.TargetPath = "PrecompiledWeb\localhost_62778\"
		Debug.AspNetCompiler.Updateable = "true"
		Debug.AspNetCompiler.ForceOverwrite = "true"
		Debug.AspNetCompiler.FixedNames = "false"
		Debug.AspNetCompiler.Debug = "True"
		Release.AspNetCompiler.VirtualPath = "/localhost_62778"
		Release.AspNetCompiler.PhysicalPath = "UASS1.3\"
		Release.AspNetCompiler.TargetPath = "PrecompiledWeb\localhost_62778\"
		Release.AspNetCompiler.Updateable = "true"
		Release.AspNetCompiler.ForceOverwrite = "true"
		Release.AspNetCompiler.FixedNames = "false"
		Release.AspNetCompiler.Debug = "False"
		VWDPort = "62778"
		SlnRelativePath = "UASS1.3\"
		DefaultWebSiteLanguage = "Visual C#"
	EndProjectSection
EndProject
Global
	GlobalSection(SolutionConfigurationPlatforms) = preSolution
		Debug|Any CPU = Debug|Any CPU
	EndGlobalSection
	GlobalSection(ProjectConfigurationPlatforms) = postSolution
		{C96BD54E-3D85-4BA0-8B24-4EE8AA12B572}.Debug|Any CPU.ActiveCfg = Debug|Any CPU
		{C96BD54E-3D85-4BA0-8B24-4EE8AA12B572}.Debug|Any CPU.Build.0 = Debug|Any CPU
	EndGlobalSection
	GlobalSection(SolutionProperties) = preSolution
		HideSolutionNode = FALSE
	EndGlobalSection
	GlobalSection(ExtensibilityGlobals) = postSolution
		SolutionGuid = {0224D14D-7E60-4E95-AF4F-23E400C827F6}
	EndGlobalSection
EndGlobal
